
Microsoft Visual Studio Solution File, Format Version 12.00
# Visual Studio Version 17
VisualStudioVersion = 17.11.35327.3
MinimumVisualStudioVersion = 10.0.40219.1
Project("{FAE04EC0-301F-11D3-BF4B-00C04F79EFBC}") = "250709Ovcarenko", "250709Ovcarenko\250709Ovcarenko.csproj", "{C73173E4-0CE5-4832-892C-648CDF23A50E}"
EndProject
Global
	GlobalSection(SolutionConfigurationPlatforms) = preSolution
		Debug|Any CPU = Debug|Any CPU
		Release|Any CPU = Release|Any CPU
	EndGlobalSection
	GlobalSection(ProjectConfigurationPlatforms) = postSolution
		{C73173E4-0CE5-4832-892C-648CDF23A50E}.Debug|Any CPU.ActiveCfg = Debug|Any CPU
		{C73173E4-0CE5-4832-892C-648CDF23A50E}.Debug|Any CPU.Build.0 = Debug|Any CPU
		{C73173E4-0CE5-4832-892C-648CDF23A50E}.Release|Any CPU.ActiveCfg = Release|Any CPU
		{C73173E4-0CE5-4832-892C-648CDF23A50E}.Release|Any CPU.Build.0 = Release|Any CPU
	EndGlobalSection
	GlobalSection(SolutionProperties) = preSolution
		HideSolutionNode = FALSE
	EndGlobalSection
	GlobalSection(ExtensibilityGlobals) = postSolution
		SolutionGuid = {75399B36-191C-468D-B0AB-81BFFE8FDC32}
	EndGlobalSection
EndGlobal
